
Microsoft Visual Studio Solution File, Format Version 12.00
# Visual Studio Version 17
VisualStudioVersion = 17.3.32922.545
MinimumVisualStudioVersion = 10.0.40219.1
Project("{FAE04EC0-301F-11D3-BF4B-00C04F79EFBC}") = "LineComparison_244", "LineComparison_244\LineComparison_244.csproj", "{6B45453C-AFFF-4B06-869A-09D82A34B040}"
EndProject
Global
	GlobalSection(SolutionConfigurationPlatforms) = preSolution
		Debug|Any CPU = Debug|Any CPU
		Release|Any CPU = Release|Any CPU
	EndGlobalSection
	GlobalSection(ProjectConfigurationPlatforms) = postSolution
		{6B45453C-AFFF-4B06-869A-09D82A34B040}.Debug|Any CPU.ActiveCfg = Debug|Any CPU
		{6B45453C-AFFF-4B06-869A-09D82A34B040}.Debug|Any CPU.Build.0 = Debug|Any CPU
		{6B45453C-AFFF-4B06-869A-09D82A34B040}.Release|Any CPU.ActiveCfg = Release|Any CPU
		{6B45453C-AFFF-4B06-869A-09D82A34B040}.Release|Any CPU.Build.0 = Release|Any CPU
	EndGlobalSection
	GlobalSection(SolutionProperties) = preSolution
		HideSolutionNode = FALSE
	EndGlobalSection
	GlobalSection(ExtensibilityGlobals) = postSolution
		SolutionGuid = {61522175-393E-412F-9DD4-FE0EA7D83A3A}
	EndGlobalSection
EndGlobal
